
Microsoft Visual Studio Solution File, Format Version 12.00
# Visual Studio Version 16
VisualStudioVersion = 16.0.30717.126
MinimumVisualStudioVersion = 10.0.40219.1
Project("{FAE04EC0-301F-11D3-BF4B-00C04F79EFBC}") = "ASP-Razor-Movies", "ASP-Razor-Movies.csproj", "{C9F16512-ECD9-4509-BB65-B44F90A48A89}"
EndProject
Global
	GlobalSection(SolutionConfigurationPlatforms) = preSolution
		Debug|Any CPU = Debug|Any CPU
		Release|Any CPU = Release|Any CPU
	EndGlobalSection
	GlobalSection(ProjectConfigurationPlatforms) = postSolution
		{C9F16512-ECD9-4509-BB65-B44F90A48A89}.Debug|Any CPU.ActiveCfg = Debug|Any CPU
		{C9F16512-ECD9-4509-BB65-B44F90A48A89}.Debug|Any CPU.Build.0 = Debug|Any CPU
		{C9F16512-ECD9-4509-BB65-B44F90A48A89}.Release|Any CPU.ActiveCfg = Release|Any CPU
		{C9F16512-ECD9-4509-BB65-B44F90A48A89}.Release|Any CPU.Build.0 = Release|Any CPU
	EndGlobalSection
	GlobalSection(SolutionProperties) = preSolution
		HideSolutionNode = FALSE
	EndGlobalSection
	GlobalSection(ExtensibilityGlobals) = postSolution
		SolutionGuid = {BB0841C8-32BC-4F5E-8055-FC930D5495AB}
	EndGlobalSection
EndGlobal
